// !$*UTF8*$!
{
	archiveVersion = 1;
	classes = {
	};
	objectVersion = 60;
	objects = {

/* Begin PBXBuildFile section */
		1D0CC1A42BA3E04900B4FE5B /* EBMediationInterstitialViewController.swift in Sources */ = {isa = PBXBuildFile; fileRef = 1D0CC1A32BA3E04900B4FE5B /* EBMediationInterstitialViewController.swift */; };
		1D0F64AE2BD0EEC000984E9F /* AppTrackingTransparency.framework in Frameworks */ = {isa = PBXBuildFile; fileRef = 1D0F64AC2BD0EE9500984E9F /* AppTrackingTransparency.framework */; };
		1D12794E2CE2E4B90057D26C /* EBTabBarController.swift in Sources */ = {isa = PBXBuildFile; fileRef = 1D12794D2CE2E4B90057D26C /* EBTabBarController.swift */; };
		1D264D8A2A81C7A500E85842 /* EBMediationNativeAdViewController.swift in Sources */ = {isa = PBXBuildFile; fileRef = 1D264D892A81C7A500E85842 /* EBMediationNativeAdViewController.swift */; };
		1D2D29542BC7AC9D00D347DF /* EBTnkNativeAdView.swift in Sources */ = {isa = PBXBuildFile; fileRef = 1D2D29532BC7AC9D00D347DF /* EBTnkNativeAdView.swift */; };
		1D2D29562BC7ACB200D347DF /* EBTnkNativeAdView.xib in Resources */ = {isa = PBXBuildFile; fileRef = 1D2D29552BC7ACB200D347DF /* EBTnkNativeAdView.xib */; };
		1D30CE372A89AB6F00B8C222 /* EBAdFitNativeAdView.swift in Sources */ = {isa = PBXBuildFile; fileRef = 1D30CE362A89AB6F00B8C222 /* EBAdFitNativeAdView.swift */; };
		1D30CE392A89B86700B8C222 /* EBMediationBizBoardViewController.swift in Sources */ = {isa = PBXBuildFile; fileRef = 1D30CE382A89B86700B8C222 /* EBMediationBizBoardViewController.swift */; };
		1D3B6FD42BCE3D6D00A0B2D0 /* EBMediationNativeVideoAdViewController.swift in Sources */ = {isa = PBXBuildFile; fileRef = 1D3B6FD32BCE3D6D00A0B2D0 /* EBMediationNativeVideoAdViewController.swift */; };
		1D44EBF82CCA13B900C2D59F /* EBMPartnersOfferwallCell.swift in Sources */ = {isa = PBXBuildFile; fileRef = 1D44EBF72CCA13B900C2D59F /* EBMPartnersOfferwallCell.swift */; };
		1D4A00262BA959AB0046443B /* EBAdMobNativeAdView.xib in Resources */ = {isa = PBXBuildFile; fileRef = 1D4A00252BA959AA0046443B /* EBAdMobNativeAdView.xib */; };
		1D4A00282BA959DD0046443B /* EBFanNativeAdView.xib in Resources */ = {isa = PBXBuildFile; fileRef = 1D4A00272BA959DD0046443B /* EBFanNativeAdView.xib */; };
		1D4A002A2BA95A010046443B /* EBFanNativeAdView.swift in Sources */ = {isa = PBXBuildFile; fileRef = 1D4A00292BA95A010046443B /* EBFanNativeAdView.swift */; };
		1D4A002C2BA9693A0046443B /* EBPangleNativeAdView.swift in Sources */ = {isa = PBXBuildFile; fileRef = 1D4A002B2BA9693A0046443B /* EBPangleNativeAdView.swift */; };
		1D4CC6812CC792EC0035652C /* EBMPartnersOfferwallViewController.swift in Sources */ = {isa = PBXBuildFile; fileRef = 1D4CC6802CC792EC0035652C /* EBMPartnersOfferwallViewController.swift */; };
		1D4CCEBB2CD0C58700586E5C /* EBInformationViewController.swift in Sources */ = {isa = PBXBuildFile; fileRef = 1D4CCEBA2CD0C58700586E5C /* EBInformationViewController.swift */; };
		1D51C8962E0BB97B00419D53 /* ExelbidSDK in Frameworks */ = {isa = PBXBuildFile; productRef = 1D51C8952E0BB97B00419D53 /* ExelbidSDK */; };
		1D53EB402CD218E200E980DC /* DeviceKit in Frameworks */ = {isa = PBXBuildFile; productRef = 1D53EB3F2CD218E200E980DC /* DeviceKit */; };
		1D5FDCF22AA7084A002A5C0E /* EBMediationBannerViewController.swift in Sources */ = {isa = PBXBuildFile; fileRef = 1D5FDCF12AA7084A002A5C0E /* EBMediationBannerViewController.swift */; };
		1D63ED792C412230005C75A8 /* LibADPlus.xcframework in Frameworks */ = {isa = PBXBuildFile; fileRef = 1D63ED742C412206005C75A8 /* LibADPlus.xcframework */; };
		1D63ED7A2C412230005C75A8 /* LibADPlus.xcframework in Embed Frameworks */ = {isa = PBXBuildFile; fileRef = 1D63ED742C412206005C75A8 /* LibADPlus.xcframework */; settings = {ATTRIBUTES = (CodeSignOnCopy, RemoveHeadersOnCopy, ); }; };
		1D63ED7B2C412231005C75A8 /* OMSDK_Cjnet.xcframework in Frameworks */ = {isa = PBXBuildFile; fileRef = 1D63ED732C412206005C75A8 /* OMSDK_Cjnet.xcframework */; };
		1D63ED7C2C412231005C75A8 /* OMSDK_Cjnet.xcframework in Embed Frameworks */ = {isa = PBXBuildFile; fileRef = 1D63ED732C412206005C75A8 /* OMSDK_Cjnet.xcframework */; settings = {ATTRIBUTES = (CodeSignOnCopy, RemoveHeadersOnCopy, ); }; };
		1D642D932BC8BE950029D8ED /* EBApplovinNativeAdView.xib in Resources */ = {isa = PBXBuildFile; fileRef = 1D642D922BC8BE950029D8ED /* EBApplovinNativeAdView.xib */; };
		1D730F372CDB4ACA0042FD3A /* StringExt.swift in Sources */ = {isa = PBXBuildFile; fileRef = 1D730F362CDB4ACA0042FD3A /* StringExt.swift */; };
		1D7FDED12DE69F2C0054F9AC /* GoogleMobileAds in Frameworks */ = {isa = PBXBuildFile; productRef = 1D7FDED02DE69F2C0054F9AC /* GoogleMobileAds */; };
		1D8E8BE52C59FC2600A16CCD /* EBMPartnersBannerAdViewController.swift in Sources */ = {isa = PBXBuildFile; fileRef = 1D8E8BE42C59FC2600A16CCD /* EBMPartnersBannerAdViewController.swift */; };
		1D8E8BE72C59FE3500A16CCD /* EBMPartnersNativeAdViewController.swift in Sources */ = {isa = PBXBuildFile; fileRef = 1D8E8BE62C59FE3500A16CCD /* EBMPartnersNativeAdViewController.swift */; };
		1DA65B952CC895D900C3A13A /* EBMPartnersOfferwallView.swift in Sources */ = {isa = PBXBuildFile; fileRef = 1DA65B942CC895D900C3A13A /* EBMPartnersOfferwallView.swift */; };
		1DA65B992CC8CA0C00C3A13A /* EBMPartnersOfferwallView.xib in Resources */ = {isa = PBXBuildFile; fileRef = 1DA65B982CC8CA0C00C3A13A /* EBMPartnersOfferwallView.xib */; };
		1DB616952A6E5A63005F99B2 /* EBAdTagViewController.swift in Sources */ = {isa = PBXBuildFile; fileRef = 1DB616932A6E5709005F99B2 /* EBAdTagViewController.swift */; };
		1DBA709B2CCB1D6F00696F99 /* OfferwallModel.swift in Sources */ = {isa = PBXBuildFile; fileRef = 1DBA709A2CCB1D6F00696F99 /* OfferwallModel.swift */; };
		1DBD30BB2BCF50B800858B6E /* Pods_ExelbidSample.framework in Frameworks */ = {isa = PBXBuildFile; fileRef = F253BE8B2F27D4CE0A59515F /* Pods_ExelbidSample.framework */; };
		1DBD30C02BCF5E4A00858B6E /* TnkPubSdk.xcframework in Frameworks */ = {isa = PBXBuildFile; fileRef = 1D2D294F2BC79D9B00D347DF /* TnkPubSdk.xcframework */; };
		1DBD30C12BCF5E4A00858B6E /* TnkPubSdk.xcframework in Embed Frameworks */ = {isa = PBXBuildFile; fileRef = 1D2D294F2BC79D9B00D347DF /* TnkPubSdk.xcframework */; settings = {ATTRIBUTES = (CodeSignOnCopy, RemoveHeadersOnCopy, ); }; };
		1DBD30C42BCF9F8000858B6E /* EBMediationInterstitialVideoViewController.swift in Sources */ = {isa = PBXBuildFile; fileRef = 1DBD30C32BCF9F8000858B6E /* EBMediationInterstitialVideoViewController.swift */; };
		1DC4E0962A71062900D41499 /* EBAdTagSupport.swift in Sources */ = {isa = PBXBuildFile; fileRef = 1DC4E0952A71062900D41499 /* EBAdTagSupport.swift */; };
		1DE246362CDC86510081ACC1 /* AdFitSDK in Frameworks */ = {isa = PBXBuildFile; productRef = 1DE246352CDC86510081ACC1 /* AdFitSDK */; };
		1DE32D482A738A57000BCA9B /* index.html in Resources */ = {isa = PBXBuildFile; fileRef = 1DE32D472A738A57000BCA9B /* index.html */; };
		6417777A25D25894007CA0CF /* EBNativeBannerAdViewController.swift in Sources */ = {isa = PBXBuildFile; fileRef = 6417777925D25894007CA0CF /* EBNativeBannerAdViewController.swift */; };
		6417777D25D2592F007CA0CF /* EBNativeBannerAdView.swift in Sources */ = {isa = PBXBuildFile; fileRef = 6417777C25D2592F007CA0CF /* EBNativeBannerAdView.swift */; };
		6417778025D26821007CA0CF /* EBDialogAdViewController.swift in Sources */ = {isa = PBXBuildFile; fileRef = 6417777F25D26821007CA0CF /* EBDialogAdViewController.swift */; };
		6417778325D268D2007CA0CF /* EBBannerDialogView.swift in Sources */ = {isa = PBXBuildFile; fileRef = 6417778225D268D2007CA0CF /* EBBannerDialogView.swift */; };
		6417778625D26BE3007CA0CF /* EBNativeDialogView.swift in Sources */ = {isa = PBXBuildFile; fileRef = 6417778525D26BE3007CA0CF /* EBNativeDialogView.swift */; };
		6417778925D26C98007CA0CF /* EBNativeRoundView.swift in Sources */ = {isa = PBXBuildFile; fileRef = 6417778825D26C98007CA0CF /* EBNativeRoundView.swift */; };
		6417778D25D27340007CA0CF /* UIViewControllerExt.swift in Sources */ = {isa = PBXBuildFile; fileRef = 6417778C25D27340007CA0CF /* UIViewControllerExt.swift */; };
		6417779125D275E6007CA0CF /* EBNativeAd2View.swift in Sources */ = {isa = PBXBuildFile; fileRef = 6417779025D275E6007CA0CF /* EBNativeAd2View.swift */; };
		645B144E25AD271D00AE0569 /* AppDelegate.swift in Sources */ = {isa = PBXBuildFile; fileRef = 645B144D25AD271D00AE0569 /* AppDelegate.swift */; };
		645B145525AD271D00AE0569 /* Main.storyboard in Resources */ = {isa = PBXBuildFile; fileRef = 645B145325AD271D00AE0569 /* Main.storyboard */; };
		645B145725AD271F00AE0569 /* Assets.xcassets in Resources */ = {isa = PBXBuildFile; fileRef = 645B145625AD271F00AE0569 /* Assets.xcassets */; };
		645B145A25AD271F00AE0569 /* LaunchScreen.storyboard in Resources */ = {isa = PBXBuildFile; fileRef = 645B145825AD271F00AE0569 /* LaunchScreen.storyboard */; };
		64677A8825CBD62E00B1B12C /* EBNativeAdViewController.swift in Sources */ = {isa = PBXBuildFile; fileRef = 64677A8725CBD62E00B1B12C /* EBNativeAdViewController.swift */; };
		64677A9025CBDA7600B1B12C /* EBNativeAdView.swift in Sources */ = {isa = PBXBuildFile; fileRef = 64677A8F25CBDA7600B1B12C /* EBNativeAdView.swift */; };
		646FD90625C3C0CB005FF439 /* EBInterstitialAdViewController.swift in Sources */ = {isa = PBXBuildFile; fileRef = 646FD90525C3C0CB005FF439 /* EBInterstitialAdViewController.swift */; };
		6475F42B2665DC750007C200 /* UIViewExt.swift in Sources */ = {isa = PBXBuildFile; fileRef = 6475F42A2665DC750007C200 /* UIViewExt.swift */; };
		647857B32667A48D00E8A8E6 /* SetInstallAttributionPingbackDelay.mobileconfig in Resources */ = {isa = PBXBuildFile; fileRef = 647857B22667A48D00E8A8E6 /* SetInstallAttributionPingbackDelay.mobileconfig */; };
		647A57A8260D84CA0042E0AA /* EBNativeVideoAdViewController.swift in Sources */ = {isa = PBXBuildFile; fileRef = 647A57A7260D84CA0042E0AA /* EBNativeVideoAdViewController.swift */; };
		647C0D2025DF4E60000EFA9F /* EBCollectionViewAdPlacerView.swift in Sources */ = {isa = PBXBuildFile; fileRef = 647C0D1F25DF4E60000EFA9F /* EBCollectionViewAdPlacerView.swift */; };
		647C0D2325DF5189000EFA9F /* EBNativeAdCollectionViewController.swift in Sources */ = {isa = PBXBuildFile; fileRef = 647C0D2225DF5189000EFA9F /* EBNativeAdCollectionViewController.swift */; };
		64802F0425B80D9100FA686D /* EBAdTableViewController.swift in Sources */ = {isa = PBXBuildFile; fileRef = 64802F0325B80D9100FA686D /* EBAdTableViewController.swift */; };
		64802F0725B80DA600FA686D /* EBBannerAdViewController.swift in Sources */ = {isa = PBXBuildFile; fileRef = 64802F0625B80DA600FA686D /* EBBannerAdViewController.swift */; };
		64802F0B25B80E1800FA686D /* EBAdInfo.swift in Sources */ = {isa = PBXBuildFile; fileRef = 64802F0A25B80E1800FA686D /* EBAdInfo.swift */; };
		64802F0F25B810FC00FA686D /* Models.swift in Sources */ = {isa = PBXBuildFile; fileRef = 64802F0E25B810FC00FA686D /* Models.swift */; };
		64802F1225B8129400FA686D /* EBAdSection.swift in Sources */ = {isa = PBXBuildFile; fileRef = 64802F1125B8129400FA686D /* EBAdSection.swift */; };
		648618D425E5026E00D453E7 /* EBVideoAdViewController.swift in Sources */ = {isa = PBXBuildFile; fileRef = 648618D325E5026E00D453E7 /* EBVideoAdViewController.swift */; };
		6497AE5625DA159300256A31 /* EBNativeAdTableViewController.swift in Sources */ = {isa = PBXBuildFile; fileRef = 6497AE5525DA159300256A31 /* EBNativeAdTableViewController.swift */; };
		6497AE5925DA19BE00256A31 /* EBTableViewAdPlacerView.swift in Sources */ = {isa = PBXBuildFile; fileRef = 6497AE5825DA19BE00256A31 /* EBTableViewAdPlacerView.swift */; };
/* End PBXBuildFile section */

/* Begin PBXCopyFilesBuildPhase section */
		1DBD30C22BCF5E4B00858B6E /* Embed Frameworks */ = {
			isa = PBXCopyFilesBuildPhase;
			buildActionMask = 2147483647;
			dstPath = "";
			dstSubfolderSpec = 10;
			files = (
				1DBD30C12BCF5E4A00858B6E /* TnkPubSdk.xcframework in Embed Frameworks */,
				1D63ED7A2C412230005C75A8 /* LibADPlus.xcframework in Embed Frameworks */,
				1D63ED7C2C412231005C75A8 /* OMSDK_Cjnet.xcframework in Embed Frameworks */,
			);
			name = "Embed Frameworks";
			runOnlyForDeploymentPostprocessing = 0;
		};
/* End PBXCopyFilesBuildPhase section */

/* Begin PBXFileReference section */
		16D95CAD8098F9B0256AD334 /* Pods-ExelbidSample.debug.xcconfig */ = {isa = PBXFileReference; includeInIndex = 1; lastKnownFileType = text.xcconfig; name = "Pods-ExelbidSample.debug.xcconfig"; path = "Target Support Files/Pods-ExelbidSample/Pods-ExelbidSample.debug.xcconfig"; sourceTree = "<group>"; };
		1D0CC1A32BA3E04900B4FE5B /* EBMediationInterstitialViewController.swift */ = {isa = PBXFileReference; lastKnownFileType = sourcecode.swift; path = EBMediationInterstitialViewController.swift; sourceTree = "<group>"; };
		1D0F64AC2BD0EE9500984E9F /* AppTrackingTransparency.framework */ = {isa = PBXFileReference; lastKnownFileType = wrapper.framework; name = AppTrackingTransparency.framework; path = System/Library/Frameworks/AppTrackingTransparency.framework; sourceTree = SDKROOT; };
		1D12794D2CE2E4B90057D26C /* EBTabBarController.swift */ = {isa = PBXFileReference; lastKnownFileType = sourcecode.swift; path = EBTabBarController.swift; sourceTree = "<group>"; };
		1D264D892A81C7A500E85842 /* EBMediationNativeAdViewController.swift */ = {isa = PBXFileReference; lastKnownFileType = sourcecode.swift; path = EBMediationNativeAdViewController.swift; sourceTree = "<group>"; };
		1D2D294F2BC79D9B00D347DF /* TnkPubSdk.xcframework */ = {isa = PBXFileReference; expectedSignature = "AppleDeveloperProgram:GVMWG8Q7H5:TnK Factory"; lastKnownFileType = wrapper.xcframework; path = TnkPubSdk.xcframework; sourceTree = "<group>"; };
		1D2D29532BC7AC9D00D347DF /* EBTnkNativeAdView.swift */ = {isa = PBXFileReference; lastKnownFileType = sourcecode.swift; path = EBTnkNativeAdView.swift; sourceTree = "<group>"; };
		1D2D29552BC7ACB200D347DF /* EBTnkNativeAdView.xib */ = {isa = PBXFileReference; lastKnownFileType = file.xib; path = EBTnkNativeAdView.xib; sourceTree = "<group>"; };
		1D30CE362A89AB6F00B8C222 /* EBAdFitNativeAdView.swift */ = {isa = PBXFileReference; lastKnownFileType = sourcecode.swift; path = EBAdFitNativeAdView.swift; sourceTree = "<group>"; };
		1D30CE382A89B86700B8C222 /* EBMediationBizBoardViewController.swift */ = {isa = PBXFileReference; lastKnownFileType = sourcecode.swift; path = EBMediationBizBoardViewController.swift; sourceTree = "<group>"; };
		1D3B6FD32BCE3D6D00A0B2D0 /* EBMediationNativeVideoAdViewController.swift */ = {isa = PBXFileReference; lastKnownFileType = sourcecode.swift; path = EBMediationNativeVideoAdViewController.swift; sourceTree = "<group>"; };
		1D44EBF72CCA13B900C2D59F /* EBMPartnersOfferwallCell.swift */ = {isa = PBXFileReference; lastKnownFileType = sourcecode.swift; path = EBMPartnersOfferwallCell.swift; sourceTree = "<group>"; };
		1D4A00252BA959AA0046443B /* EBAdMobNativeAdView.xib */ = {isa = PBXFileReference; fileEncoding = 4; lastKnownFileType = file.xib; name = EBAdMobNativeAdView.xib; path = ../../../sample_objc/ExelbidSample/Views/EBAdMobNativeAdView.xib; sourceTree = "<group>"; };
		1D4A00272BA959DD0046443B /* EBFanNativeAdView.xib */ = {isa = PBXFileReference; fileEncoding = 4; lastKnownFileType = file.xib; name = EBFanNativeAdView.xib; path = ../../../sample_objc/ExelbidSample/Views/EBFanNativeAdView.xib; sourceTree = "<group>"; };
		1D4A00292BA95A010046443B /* EBFanNativeAdView.swift */ = {isa = PBXFileReference; lastKnownFileType = sourcecode.swift; path = EBFanNativeAdView.swift; sourceTree = "<group>"; };
		1D4A002B2BA9693A0046443B /* EBPangleNativeAdView.swift */ = {isa = PBXFileReference; lastKnownFileType = sourcecode.swift; path = EBPangleNativeAdView.swift; sourceTree = "<group>"; };
		1D4CC6802CC792EC0035652C /* EBMPartnersOfferwallViewController.swift */ = {isa = PBXFileReference; lastKnownFileType = sourcecode.swift; path = EBMPartnersOfferwallViewController.swift; sourceTree = "<group>"; };
		1D4CCEBA2CD0C58700586E5C /* EBInformationViewController.swift */ = {isa = PBXFileReference; lastKnownFileType = sourcecode.swift; path = EBInformationViewController.swift; sourceTree = "<group>"; };
		1D5FDCF12AA7084A002A5C0E /* EBMediationBannerViewController.swift */ = {isa = PBXFileReference; lastKnownFileType = sourcecode.swift; path = EBMediationBannerViewController.swift; sourceTree = "<group>"; };
		1D63ED732C412206005C75A8 /* OMSDK_Cjnet.xcframework */ = {isa = PBXFileReference; lastKnownFileType = wrapper.xcframework; path = OMSDK_Cjnet.xcframework; sourceTree = "<group>"; };
		1D63ED742C412206005C75A8 /* LibADPlus.xcframework */ = {isa = PBXFileReference; lastKnownFileType = wrapper.xcframework; path = LibADPlus.xcframework; sourceTree = "<group>"; };
		1D642D922BC8BE950029D8ED /* EBApplovinNativeAdView.xib */ = {isa = PBXFileReference; lastKnownFileType = file.xib; path = EBApplovinNativeAdView.xib; sourceTree = "<group>"; };
		1D730F362CDB4ACA0042FD3A /* StringExt.swift */ = {isa = PBXFileReference; lastKnownFileType = sourcecode.swift; path = StringExt.swift; sourceTree = "<group>"; };
		1D8E8BE42C59FC2600A16CCD /* EBMPartnersBannerAdViewController.swift */ = {isa = PBXFileReference; lastKnownFileType = sourcecode.swift; path = EBMPartnersBannerAdViewController.swift; sourceTree = "<group>"; };
		1D8E8BE62C59FE3500A16CCD /* EBMPartnersNativeAdViewController.swift */ = {isa = PBXFileReference; lastKnownFileType = sourcecode.swift; path = EBMPartnersNativeAdViewController.swift; sourceTree = "<group>"; };
		1DA65B942CC895D900C3A13A /* EBMPartnersOfferwallView.swift */ = {isa = PBXFileReference; lastKnownFileType = sourcecode.swift; path = EBMPartnersOfferwallView.swift; sourceTree = "<group>"; };
		1DA65B982CC8CA0C00C3A13A /* EBMPartnersOfferwallView.xib */ = {isa = PBXFileReference; lastKnownFileType = file.xib; path = EBMPartnersOfferwallView.xib; sourceTree = "<group>"; };
		1DB616932A6E5709005F99B2 /* EBAdTagViewController.swift */ = {isa = PBXFileReference; lastKnownFileType = sourcecode.swift; path = EBAdTagViewController.swift; sourceTree = "<group>"; };
		1DBA709A2CCB1D6F00696F99 /* OfferwallModel.swift */ = {isa = PBXFileReference; lastKnownFileType = sourcecode.swift; path = OfferwallModel.swift; sourceTree = "<group>"; };
		1DBD30C32BCF9F8000858B6E /* EBMediationInterstitialVideoViewController.swift */ = {isa = PBXFileReference; lastKnownFileType = sourcecode.swift; path = EBMediationInterstitialVideoViewController.swift; sourceTree = "<group>"; };
		1DC4E0952A71062900D41499 /* EBAdTagSupport.swift */ = {isa = PBXFileReference; lastKnownFileType = sourcecode.swift; path = EBAdTagSupport.swift; sourceTree = "<group>"; };
		1DE32D472A738A57000BCA9B /* index.html */ = {isa = PBXFileReference; fileEncoding = 4; lastKnownFileType = text.html; path = index.html; sourceTree = "<group>"; };
		4E77CEECC33883EF515EA7DD /* Pods-ExelbidSample.release.xcconfig */ = {isa = PBXFileReference; includeInIndex = 1; lastKnownFileType = text.xcconfig; name = "Pods-ExelbidSample.release.xcconfig"; path = "Target Support Files/Pods-ExelbidSample/Pods-ExelbidSample.release.xcconfig"; sourceTree = "<group>"; };
		6417777925D25894007CA0CF /* EBNativeBannerAdViewController.swift */ = {isa = PBXFileReference; lastKnownFileType = sourcecode.swift; path = EBNativeBannerAdViewController.swift; sourceTree = "<group>"; };
		6417777C25D2592F007CA0CF /* EBNativeBannerAdView.swift */ = {isa = PBXFileReference; lastKnownFileType = sourcecode.swift; path = EBNativeBannerAdView.swift; sourceTree = "<group>"; };
		6417777F25D26821007CA0CF /* EBDialogAdViewController.swift */ = {isa = PBXFileReference; lastKnownFileType = sourcecode.swift; path = EBDialogAdViewController.swift; sourceTree = "<group>"; };
		6417778225D268D2007CA0CF /* EBBannerDialogView.swift */ = {isa = PBXFileReference; lastKnownFileType = sourcecode.swift; path = EBBannerDialogView.swift; sourceTree = "<group>"; };
		6417778525D26BE3007CA0CF /* EBNativeDialogView.swift */ = {isa = PBXFileReference; lastKnownFileType = sourcecode.swift; path = EBNativeDialogView.swift; sourceTree = "<group>"; };
		6417778825D26C98007CA0CF /* EBNativeRoundView.swift */ = {isa = PBXFileReference; lastKnownFileType = sourcecode.swift; path = EBNativeRoundView.swift; sourceTree = "<group>"; };
		6417778C25D27340007CA0CF /* UIViewControllerExt.swift */ = {isa = PBXFileReference; lastKnownFileType = sourcecode.swift; path = UIViewControllerExt.swift; sourceTree = "<group>"; };
		6417779025D275E6007CA0CF /* EBNativeAd2View.swift */ = {isa = PBXFileReference; lastKnownFileType = sourcecode.swift; path = EBNativeAd2View.swift; sourceTree = "<group>"; };
		645B144A25AD271D00AE0569 /* ExelbidSample.app */ = {isa = PBXFileReference; explicitFileType = wrapper.application; includeInIndex = 0; path = ExelbidSample.app; sourceTree = BUILT_PRODUCTS_DIR; };
		645B144D25AD271D00AE0569 /* AppDelegate.swift */ = {isa = PBXFileReference; lastKnownFileType = sourcecode.swift; path = AppDelegate.swift; sourceTree = "<group>"; };
		645B145425AD271D00AE0569 /* Base */ = {isa = PBXFileReference; lastKnownFileType = file.storyboard; name = Base; path = Base.lproj/Main.storyboard; sourceTree = "<group>"; };
		645B145625AD271F00AE0569 /* Assets.xcassets */ = {isa = PBXFileReference; lastKnownFileType = folder.assetcatalog; path = Assets.xcassets; sourceTree = "<group>"; };
		645B145925AD271F00AE0569 /* Base */ = {isa = PBXFileReference; lastKnownFileType = file.storyboard; name = Base; path = Base.lproj/LaunchScreen.storyboard; sourceTree = "<group>"; };
		645B145B25AD271F00AE0569 /* Info.plist */ = {isa = PBXFileReference; lastKnownFileType = text.plist.xml; path = Info.plist; sourceTree = "<group>"; };
		64677A8725CBD62E00B1B12C /* EBNativeAdViewController.swift */ = {isa = PBXFileReference; lastKnownFileType = sourcecode.swift; path = EBNativeAdViewController.swift; sourceTree = "<group>"; };
		64677A8F25CBDA7600B1B12C /* EBNativeAdView.swift */ = {isa = PBXFileReference; lastKnownFileType = sourcecode.swift; path = EBNativeAdView.swift; sourceTree = "<group>"; };
		646FD90525C3C0CB005FF439 /* EBInterstitialAdViewController.swift */ = {isa = PBXFileReference; lastKnownFileType = sourcecode.swift; path = EBInterstitialAdViewController.swift; sourceTree = "<group>"; };
		6475F42A2665DC750007C200 /* UIViewExt.swift */ = {isa = PBXFileReference; lastKnownFileType = sourcecode.swift; path = UIViewExt.swift; sourceTree = "<group>"; };
		647857B22667A48D00E8A8E6 /* SetInstallAttributionPingbackDelay.mobileconfig */ = {isa = PBXFileReference; fileEncoding = 4; lastKnownFileType = text; path = SetInstallAttributionPingbackDelay.mobileconfig; sourceTree = "<group>"; };
		647A57A7260D84CA0042E0AA /* EBNativeVideoAdViewController.swift */ = {isa = PBXFileReference; lastKnownFileType = sourcecode.swift; path = EBNativeVideoAdViewController.swift; sourceTree = "<group>"; };
		647C0D1F25DF4E60000EFA9F /* EBCollectionViewAdPlacerView.swift */ = {isa = PBXFileReference; lastKnownFileType = sourcecode.swift; path = EBCollectionViewAdPlacerView.swift; sourceTree = "<group>"; };
		647C0D2225DF5189000EFA9F /* EBNativeAdCollectionViewController.swift */ = {isa = PBXFileReference; lastKnownFileType = sourcecode.swift; path = EBNativeAdCollectionViewController.swift; sourceTree = "<group>"; };
		64802F0325B80D9100FA686D /* EBAdTableViewController.swift */ = {isa = PBXFileReference; lastKnownFileType = sourcecode.swift; path = EBAdTableViewController.swift; sourceTree = "<group>"; };
		64802F0625B80DA600FA686D /* EBBannerAdViewController.swift */ = {isa = PBXFileReference; lastKnownFileType = sourcecode.swift; path = EBBannerAdViewController.swift; sourceTree = "<group>"; };
		64802F0A25B80E1800FA686D /* EBAdInfo.swift */ = {isa = PBXFileReference; lastKnownFileType = sourcecode.swift; path = EBAdInfo.swift; sourceTree = "<group>"; };
		64802F0E25B810FC00FA686D /* Models.swift */ = {isa = PBXFileReference; lastKnownFileType = sourcecode.swift; path = Models.swift; sourceTree = "<group>"; };
		64802F1125B8129400FA686D /* EBAdSection.swift */ = {isa = PBXFileReference; lastKnownFileType = sourcecode.swift; path = EBAdSection.swift; sourceTree = "<group>"; };
		648618D325E5026E00D453E7 /* EBVideoAdViewController.swift */ = {isa = PBXFileReference; lastKnownFileType = sourcecode.swift; path = EBVideoAdViewController.swift; sourceTree = "<group>"; };
		6497AE5525DA159300256A31 /* EBNativeAdTableViewController.swift */ = {isa = PBXFileReference; lastKnownFileType = sourcecode.swift; path = EBNativeAdTableViewController.swift; sourceTree = "<group>"; };
		6497AE5825DA19BE00256A31 /* EBTableViewAdPlacerView.swift */ = {isa = PBXFileReference; lastKnownFileType = sourcecode.swift; path = EBTableViewAdPlacerView.swift; sourceTree = "<group>"; };
		F253BE8B2F27D4CE0A59515F /* Pods_ExelbidSample.framework */ = {isa = PBXFileReference; explicitFileType = wrapper.framework; includeInIndex = 0; path = Pods_ExelbidSample.framework; sourceTree = BUILT_PRODUCTS_DIR; };
/* End PBXFileReference section */

/* Begin PBXFrameworksBuildPhase section */
		645B144725AD271D00AE0569 /* Frameworks */ = {
			isa = PBXFrameworksBuildPhase;
			buildActionMask = 2147483647;
			files = (
				1D0F64AE2BD0EEC000984E9F /* AppTrackingTransparency.framework in Frameworks */,
				1D63ED7B2C412231005C75A8 /* OMSDK_Cjnet.xcframework in Frameworks */,
				1DE246362CDC86510081ACC1 /* AdFitSDK in Frameworks */,
				1D63ED792C412230005C75A8 /* LibADPlus.xcframework in Frameworks */,
				1D7FDED12DE69F2C0054F9AC /* GoogleMobileAds in Frameworks */,
				1D53EB402CD218E200E980DC /* DeviceKit in Frameworks */,
				1DBD30C02BCF5E4A00858B6E /* TnkPubSdk.xcframework in Frameworks */,
				1DBD30BB2BCF50B800858B6E /* Pods_ExelbidSample.framework in Frameworks */,
				1D51C8962E0BB97B00419D53 /* ExelbidSDK in Frameworks */,
			);
			runOnlyForDeploymentPostprocessing = 0;
		};
/* End PBXFrameworksBuildPhase section */

/* Begin PBXGroup section */
		1D787A892BA3E2D40013EC03 /* Controller */ = {
			isa = PBXGroup;
			children = (
				1D12794D2CE2E4B90057D26C /* EBTabBarController.swift */,
				64802F0325B80D9100FA686D /* EBAdTableViewController.swift */,
				1D4CCEBA2CD0C58700586E5C /* EBInformationViewController.swift */,
				64802F0625B80DA600FA686D /* EBBannerAdViewController.swift */,
				6417777F25D26821007CA0CF /* EBDialogAdViewController.swift */,
				646FD90525C3C0CB005FF439 /* EBInterstitialAdViewController.swift */,
				64677A8725CBD62E00B1B12C /* EBNativeAdViewController.swift */,
				6417777925D25894007CA0CF /* EBNativeBannerAdViewController.swift */,
				6497AE5525DA159300256A31 /* EBNativeAdTableViewController.swift */,
				647C0D2225DF5189000EFA9F /* EBNativeAdCollectionViewController.swift */,
				648618D325E5026E00D453E7 /* EBVideoAdViewController.swift */,
				647A57A7260D84CA0042E0AA /* EBNativeVideoAdViewController.swift */,
				1D5FDCF12AA7084A002A5C0E /* EBMediationBannerViewController.swift */,
				1D0CC1A32BA3E04900B4FE5B /* EBMediationInterstitialViewController.swift */,
				1DBD30C32BCF9F8000858B6E /* EBMediationInterstitialVideoViewController.swift */,
				1D264D892A81C7A500E85842 /* EBMediationNativeAdViewController.swift */,
				1D3B6FD32BCE3D6D00A0B2D0 /* EBMediationNativeVideoAdViewController.swift */,
				1D30CE382A89B86700B8C222 /* EBMediationBizBoardViewController.swift */,
				1DB616932A6E5709005F99B2 /* EBAdTagViewController.swift */,
				1D8E8BE42C59FC2600A16CCD /* EBMPartnersBannerAdViewController.swift */,
				1D8E8BE62C59FE3500A16CCD /* EBMPartnersNativeAdViewController.swift */,
				1D4CC6802CC792EC0035652C /* EBMPartnersOfferwallViewController.swift */,
			);
			path = Controller;
			sourceTree = "<group>";
		};
		1DE32D432A738819000BCA9B /* Assets */ = {
			isa = PBXGroup;
			children = (
				1DE32D472A738A57000BCA9B /* index.html */,
			);
			path = Assets;
			sourceTree = "<group>";
		};
		3A151D766408AF37FA893FB8 /* Pods */ = {
			isa = PBXGroup;
			children = (
				16D95CAD8098F9B0256AD334 /* Pods-ExelbidSample.debug.xcconfig */,
				4E77CEECC33883EF515EA7DD /* Pods-ExelbidSample.release.xcconfig */,
			);
			path = Pods;
			sourceTree = "<group>";
		};
		6417778B25D2732A007CA0CF /* Extension */ = {
			isa = PBXGroup;
			children = (
				6417778C25D27340007CA0CF /* UIViewControllerExt.swift */,
				6475F42A2665DC750007C200 /* UIViewExt.swift */,
				1D730F362CDB4ACA0042FD3A /* StringExt.swift */,
			);
			path = Extension;
			sourceTree = "<group>";
		};
		645B144125AD271D00AE0569 = {
			isa = PBXGroup;
			children = (
				1D2D294F2BC79D9B00D347DF /* TnkPubSdk.xcframework */,
				1D63ED742C412206005C75A8 /* LibADPlus.xcframework */,
				1D63ED732C412206005C75A8 /* OMSDK_Cjnet.xcframework */,
				645B144C25AD271D00AE0569 /* ExelbidSample */,
				645B144B25AD271D00AE0569 /* Products */,
				3A151D766408AF37FA893FB8 /* Pods */,
				A67C45F9441533639C59FF48 /* Frameworks */,
			);
			sourceTree = "<group>";
		};
		645B144B25AD271D00AE0569 /* Products */ = {
			isa = PBXGroup;
			children = (
				645B144A25AD271D00AE0569 /* ExelbidSample.app */,
			);
			name = Products;
			sourceTree = "<group>";
		};
		645B144C25AD271D00AE0569 /* ExelbidSample */ = {
			isa = PBXGroup;
			children = (
				1DE32D432A738819000BCA9B /* Assets */,
				64802F0925B80E0100FA686D /* Domain */,
				6417778B25D2732A007CA0CF /* Extension */,
				1D787A892BA3E2D40013EC03 /* Controller */,
				64677A8E25CBDA6500B1B12C /* Views */,
				645B144D25AD271D00AE0569 /* AppDelegate.swift */,
				645B145325AD271D00AE0569 /* Main.storyboard */,
				645B145625AD271F00AE0569 /* Assets.xcassets */,
				647857B22667A48D00E8A8E6 /* SetInstallAttributionPingbackDelay.mobileconfig */,
				645B145825AD271F00AE0569 /* LaunchScreen.storyboard */,
				645B145B25AD271F00AE0569 /* Info.plist */,
			);
			path = ExelbidSample;
			sourceTree = "<group>";
		};
		64677A8E25CBDA6500B1B12C /* Views */ = {
			isa = PBXGroup;
			children = (
				64677A8F25CBDA7600B1B12C /* EBNativeAdView.swift */,
				6417779025D275E6007CA0CF /* EBNativeAd2View.swift */,
				6417777C25D2592F007CA0CF /* EBNativeBannerAdView.swift */,
				6417778225D268D2007CA0CF /* EBBannerDialogView.swift */,
				6417778525D26BE3007CA0CF /* EBNativeDialogView.swift */,
				6417778825D26C98007CA0CF /* EBNativeRoundView.swift */,
				6497AE5825DA19BE00256A31 /* EBTableViewAdPlacerView.swift */,
				647C0D1F25DF4E60000EFA9F /* EBCollectionViewAdPlacerView.swift */,
				1D30CE362A89AB6F00B8C222 /* EBAdFitNativeAdView.swift */,
				1D4A00292BA95A010046443B /* EBFanNativeAdView.swift */,
				1D4A00272BA959DD0046443B /* EBFanNativeAdView.xib */,
				1D4A00252BA959AA0046443B /* EBAdMobNativeAdView.xib */,
				1D4A002B2BA9693A0046443B /* EBPangleNativeAdView.swift */,
				1D2D29532BC7AC9D00D347DF /* EBTnkNativeAdView.swift */,
				1D2D29552BC7ACB200D347DF /* EBTnkNativeAdView.xib */,
				1D642D922BC8BE950029D8ED /* EBApplovinNativeAdView.xib */,
				1DA65B982CC8CA0C00C3A13A /* EBMPartnersOfferwallView.xib */,
				1DA65B942CC895D900C3A13A /* EBMPartnersOfferwallView.swift */,
				1D44EBF72CCA13B900C2D59F /* EBMPartnersOfferwallCell.swift */,
			);
			path = Views;
			sourceTree = "<group>";
		};
		64802F0925B80E0100FA686D /* Domain */ = {
			isa = PBXGroup;
			children = (
				64802F0E25B810FC00FA686D /* Models.swift */,
				64802F0A25B80E1800FA686D /* EBAdInfo.swift */,
				64802F1125B8129400FA686D /* EBAdSection.swift */,
				1DC4E0952A71062900D41499 /* EBAdTagSupport.swift */,
				1DBA709A2CCB1D6F00696F99 /* OfferwallModel.swift */,
			);
			path = Domain;
			sourceTree = "<group>";
		};
		A67C45F9441533639C59FF48 /* Frameworks */ = {
			isa = PBXGroup;
			children = (
				1D0F64AC2BD0EE9500984E9F /* AppTrackingTransparency.framework */,
				F253BE8B2F27D4CE0A59515F /* Pods_ExelbidSample.framework */,
			);
			name = Frameworks;
			sourceTree = "<group>";
		};
/* End PBXGroup section */

/* Begin PBXNativeTarget section */
		645B144925AD271D00AE0569 /* ExelbidSample */ = {
			isa = PBXNativeTarget;
			buildConfigurationList = 645B145E25AD271F00AE0569 /* Build configuration list for PBXNativeTarget "ExelbidSample" */;
			buildPhases = (
				8BA2A1CF8F8EAB3BE997E5F2 /* [CP] Check Pods Manifest.lock */,
				645B144625AD271D00AE0569 /* Sources */,
				645B144725AD271D00AE0569 /* Frameworks */,
				645B144825AD271D00AE0569 /* Resources */,
				C1BF078128CF0F329B8870A5 /* [CP] Embed Pods Frameworks */,
				79263B49F7DE1E129106DD32 /* [CP] Copy Pods Resources */,
				1DBD30C22BCF5E4B00858B6E /* Embed Frameworks */,
			);
			buildRules = (
			);
			dependencies = (
			);
			name = ExelbidSample;
			packageProductDependencies = (
				1D53EB3F2CD218E200E980DC /* DeviceKit */,
				1DE246352CDC86510081ACC1 /* AdFitSDK */,
				1D7FDED02DE69F2C0054F9AC /* GoogleMobileAds */,
				1D51C8952E0BB97B00419D53 /* ExelbidSDK */,
			);
			productName = "com.zionbi.ExelbidSample-Swift";
			productReference = 645B144A25AD271D00AE0569 /* ExelbidSample.app */;
			productType = "com.apple.product-type.application";
		};
/* End PBXNativeTarget section */

/* Begin PBXProject section */
		645B144225AD271D00AE0569 /* Project object */ = {
			isa = PBXProject;
			attributes = {
				LastSwiftUpdateCheck = 1230;
				LastUpgradeCheck = 1230;
				TargetAttributes = {
					645B144925AD271D00AE0569 = {
						CreatedOnToolsVersion = 12.3;
					};
				};
			};
			buildConfigurationList = 645B144525AD271D00AE0569 /* Build configuration list for PBXProject "ExelbidSample" */;
			compatibilityVersion = "Xcode 9.3";
			developmentRegion = en;
			hasScannedForEncodings = 0;
			knownRegions = (
				en,
				Base,
			);
			mainGroup = 645B144125AD271D00AE0569;
			packageReferences = (
				1D53EB3E2CD218E200E980DC /* XCRemoteSwiftPackageReference "DeviceKit" */,
				1DE246342CDC86510081ACC1 /* XCRemoteSwiftPackageReference "adfit-spm" */,
				1D7FDECF2DE69F2C0054F9AC /* XCRemoteSwiftPackageReference "swift-package-manager-google-mobile-ads" */,
				1D51C8942E0BB97A00419D53 /* XCRemoteSwiftPackageReference "ExelBid_iOS_Swift" */,
			);
			productRefGroup = 645B144B25AD271D00AE0569 /* Products */;
			projectDirPath = "";
			projectRoot = "";
			targets = (
				645B144925AD271D00AE0569 /* ExelbidSample */,
			);
		};
/* End PBXProject section */

/* Begin PBXResourcesBuildPhase section */
		645B144825AD271D00AE0569 /* Resources */ = {
			isa = PBXResourcesBuildPhase;
			buildActionMask = 2147483647;
			files = (
				645B145A25AD271F00AE0569 /* LaunchScreen.storyboard in Resources */,
				1DA65B992CC8CA0C00C3A13A /* EBMPartnersOfferwallView.xib in Resources */,
				1D2D29562BC7ACB200D347DF /* EBTnkNativeAdView.xib in Resources */,
				1DE32D482A738A57000BCA9B /* index.html in Resources */,
				645B145725AD271F00AE0569 /* Assets.xcassets in Resources */,
				1D4A00282BA959DD0046443B /* EBFanNativeAdView.xib in Resources */,
				1D4A00262BA959AB0046443B /* EBAdMobNativeAdView.xib in Resources */,
				1D642D932BC8BE950029D8ED /* EBApplovinNativeAdView.xib in Resources */,
				647857B32667A48D00E8A8E6 /* SetInstallAttributionPingbackDelay.mobileconfig in Resources */,
				645B145525AD271D00AE0569 /* Main.storyboard in Resources */,
			);
			runOnlyForDeploymentPostprocessing = 0;
		};
/* End PBXResourcesBuildPhase section */

/* Begin PBXShellScriptBuildPhase section */
		79263B49F7DE1E129106DD32 /* [CP] Copy Pods Resources */ = {
			isa = PBXShellScriptBuildPhase;
			buildActionMask = 2147483647;
			files = (
			);
			inputFileListPaths = (
				"${PODS_ROOT}/Target Support Files/Pods-ExelbidSample/Pods-ExelbidSample-resources-${CONFIGURATION}-input-files.xcfilelist",
			);
			inputPaths = (
			);
			name = "[CP] Copy Pods Resources";
			outputFileListPaths = (
				"${PODS_ROOT}/Target Support Files/Pods-ExelbidSample/Pods-ExelbidSample-resources-${CONFIGURATION}-output-files.xcfilelist",
			);
			outputPaths = (
			);
			runOnlyForDeploymentPostprocessing = 0;
			shellPath = /bin/sh;
			shellScript = "\"${PODS_ROOT}/Target Support Files/Pods-ExelbidSample/Pods-ExelbidSample-resources.sh\"\n";
			showEnvVarsInLog = 0;
		};
		8BA2A1CF8F8EAB3BE997E5F2 /* [CP] Check Pods Manifest.lock */ = {
			isa = PBXShellScriptBuildPhase;
			buildActionMask = 2147483647;
			files = (
			);
			inputFileListPaths = (
			);
			inputPaths = (
				"${PODS_PODFILE_DIR_PATH}/Podfile.lock",
				"${PODS_ROOT}/Manifest.lock",
			);
			name = "[CP] Check Pods Manifest.lock";
			outputFileListPaths = (
			);
			outputPaths = (
				"$(DERIVED_FILE_DIR)/Pods-ExelbidSample-checkManifestLockResult.txt",
			);
			runOnlyForDeploymentPostprocessing = 0;
			shellPath = /bin/sh;
			shellScript = "diff \"${PODS_PODFILE_DIR_PATH}/Podfile.lock\" \"${PODS_ROOT}/Manifest.lock\" > /dev/null\nif [ $? != 0 ] ; then\n    # print error to STDERR\n    echo \"error: The sandbox is not in sync with the Podfile.lock. Run 'pod install' or update your CocoaPods installation.\" >&2\n    exit 1\nfi\n# This output is used by Xcode 'outputs' to avoid re-running this script phase.\necho \"SUCCESS\" > \"${SCRIPT_OUTPUT_FILE_0}\"\n";
			showEnvVarsInLog = 0;
		};
		C1BF078128CF0F329B8870A5 /* [CP] Embed Pods Frameworks */ = {
			isa = PBXShellScriptBuildPhase;
			buildActionMask = 2147483647;
			files = (
			);
			inputFileListPaths = (
				"${PODS_ROOT}/Target Support Files/Pods-ExelbidSample/Pods-ExelbidSample-frameworks-${CONFIGURATION}-input-files.xcfilelist",
			);
			inputPaths = (
			);
			name = "[CP] Embed Pods Frameworks";
			outputFileListPaths = (
				"${PODS_ROOT}/Target Support Files/Pods-ExelbidSample/Pods-ExelbidSample-frameworks-${CONFIGURATION}-output-files.xcfilelist",
			);
			outputPaths = (
			);
			runOnlyForDeploymentPostprocessing = 0;
			shellPath = /bin/sh;
			shellScript = "\"${PODS_ROOT}/Target Support Files/Pods-ExelbidSample/Pods-ExelbidSample-frameworks.sh\"\n";
			showEnvVarsInLog = 0;
		};
/* End PBXShellScriptBuildPhase section */

/* Begin PBXSourcesBuildPhase section */
		645B144625AD271D00AE0569 /* Sources */ = {
			isa = PBXSourcesBuildPhase;
			buildActionMask = 2147483647;
			files = (
				1D8E8BE72C59FE3500A16CCD /* EBMPartnersNativeAdViewController.swift in Sources */,
				1DB616952A6E5A63005F99B2 /* EBAdTagViewController.swift in Sources */,
				6497AE5925DA19BE00256A31 /* EBTableViewAdPlacerView.swift in Sources */,
				648618D425E5026E00D453E7 /* EBVideoAdViewController.swift in Sources */,
				1D8E8BE52C59FC2600A16CCD /* EBMPartnersBannerAdViewController.swift in Sources */,
				64802F0725B80DA600FA686D /* EBBannerAdViewController.swift in Sources */,
				64802F0B25B80E1800FA686D /* EBAdInfo.swift in Sources */,
				6417778625D26BE3007CA0CF /* EBNativeDialogView.swift in Sources */,
				1D12794E2CE2E4B90057D26C /* EBTabBarController.swift in Sources */,
				647C0D2025DF4E60000EFA9F /* EBCollectionViewAdPlacerView.swift in Sources */,
				1DA65B952CC895D900C3A13A /* EBMPartnersOfferwallView.swift in Sources */,
				6417779125D275E6007CA0CF /* EBNativeAd2View.swift in Sources */,
				64802F1225B8129400FA686D /* EBAdSection.swift in Sources */,
				64802F0425B80D9100FA686D /* EBAdTableViewController.swift in Sources */,
				1D4A002C2BA9693A0046443B /* EBPangleNativeAdView.swift in Sources */,
				1D30CE372A89AB6F00B8C222 /* EBAdFitNativeAdView.swift in Sources */,
				6417778325D268D2007CA0CF /* EBBannerDialogView.swift in Sources */,
				6497AE5625DA159300256A31 /* EBNativeAdTableViewController.swift in Sources */,
				647C0D2325DF5189000EFA9F /* EBNativeAdCollectionViewController.swift in Sources */,
				64677A8825CBD62E00B1B12C /* EBNativeAdViewController.swift in Sources */,
				6417778925D26C98007CA0CF /* EBNativeRoundView.swift in Sources */,
				1D4CCEBB2CD0C58700586E5C /* EBInformationViewController.swift in Sources */,
				1D0CC1A42BA3E04900B4FE5B /* EBMediationInterstitialViewController.swift in Sources */,
				6417777A25D25894007CA0CF /* EBNativeBannerAdViewController.swift in Sources */,
				6417777D25D2592F007CA0CF /* EBNativeBannerAdView.swift in Sources */,
				6475F42B2665DC750007C200 /* UIViewExt.swift in Sources */,
				1D2D29542BC7AC9D00D347DF /* EBTnkNativeAdView.swift in Sources */,
				646FD90625C3C0CB005FF439 /* EBInterstitialAdViewController.swift in Sources */,
				1D4A002A2BA95A010046443B /* EBFanNativeAdView.swift in Sources */,
				6417778025D26821007CA0CF /* EBDialogAdViewController.swift in Sources */,
				1D44EBF82CCA13B900C2D59F /* EBMPartnersOfferwallCell.swift in Sources */,
				1D5FDCF22AA7084A002A5C0E /* EBMediationBannerViewController.swift in Sources */,
				1DBD30C42BCF9F8000858B6E /* EBMediationInterstitialVideoViewController.swift in Sources */,
				6417778D25D27340007CA0CF /* UIViewControllerExt.swift in Sources */,
				1DC4E0962A71062900D41499 /* EBAdTagSupport.swift in Sources */,
				1D730F372CDB4ACA0042FD3A /* StringExt.swift in Sources */,
				1D264D8A2A81C7A500E85842 /* EBMediationNativeAdViewController.swift in Sources */,
				1D30CE392A89B86700B8C222 /* EBMediationBizBoardViewController.swift in Sources */,
				64802F0F25B810FC00FA686D /* Models.swift in Sources */,
				1D3B6FD42BCE3D6D00A0B2D0 /* EBMediationNativeVideoAdViewController.swift in Sources */,
				64677A9025CBDA7600B1B12C /* EBNativeAdView.swift in Sources */,
				1DBA709B2CCB1D6F00696F99 /* OfferwallModel.swift in Sources */,
				645B144E25AD271D00AE0569 /* AppDelegate.swift in Sources */,
				1D4CC6812CC792EC0035652C /* EBMPartnersOfferwallViewController.swift in Sources */,
				647A57A8260D84CA0042E0AA /* EBNativeVideoAdViewController.swift in Sources */,
			);
			runOnlyForDeploymentPostprocessing = 0;
		};
/* End PBXSourcesBuildPhase section */

/* Begin PBXVariantGroup section */
		645B145325AD271D00AE0569 /* Main.storyboard */ = {
			isa = PBXVariantGroup;
			children = (
				645B145425AD271D00AE0569 /* Base */,
			);
			name = Main.storyboard;
			sourceTree = "<group>";
		};
		645B145825AD271F00AE0569 /* LaunchScreen.storyboard */ = {
			isa = PBXVariantGroup;
			children = (
				645B145925AD271F00AE0569 /* Base */,
			);
			name = LaunchScreen.storyboard;
			sourceTree = "<group>";
		};
/* End PBXVariantGroup section */

/* Begin XCBuildConfiguration section */
		645B145C25AD271F00AE0569 /* Debug */ = {
			isa = XCBuildConfiguration;
			buildSettings = {
				ALWAYS_SEARCH_USER_PATHS = NO;
				CLANG_ANALYZER_NONNULL = YES;
				CLANG_ANALYZER_NUMBER_OBJECT_CONVERSION = YES_AGGRESSIVE;
				CLANG_CXX_LANGUAGE_STANDARD = "gnu++14";
				CLANG_CXX_LIBRARY = "libc++";
				CLANG_ENABLE_MODULES = YES;
				CLANG_ENABLE_OBJC_ARC = YES;
				CLANG_ENABLE_OBJC_WEAK = YES;
				CLANG_WARN_BLOCK_CAPTURE_AUTORELEASING = YES;
				CLANG_WARN_BOOL_CONVERSION = YES;
				CLANG_WARN_COMMA = YES;
				CLANG_WARN_CONSTANT_CONVERSION = YES;
				CLANG_WARN_DEPRECATED_OBJC_IMPLEMENTATIONS = YES;
				CLANG_WARN_DIRECT_OBJC_ISA_USAGE = YES_ERROR;
				CLANG_WARN_DOCUMENTATION_COMMENTS = YES;
				CLANG_WARN_EMPTY_BODY = YES;
				CLANG_WARN_ENUM_CONVERSION = YES;
				CLANG_WARN_INFINITE_RECURSION = YES;
				CLANG_WARN_INT_CONVERSION = YES;
				CLANG_WARN_NON_LITERAL_NULL_CONVERSION = YES;
				CLANG_WARN_OBJC_IMPLICIT_RETAIN_SELF = YES;
				CLANG_WARN_OBJC_LITERAL_CONVERSION = YES;
				CLANG_WARN_OBJC_ROOT_CLASS = YES_ERROR;
				CLANG_WARN_QUOTED_INCLUDE_IN_FRAMEWORK_HEADER = YES;
				CLANG_WARN_RANGE_LOOP_ANALYSIS = YES;
				CLANG_WARN_STRICT_PROTOTYPES = YES;
				CLANG_WARN_SUSPICIOUS_MOVE = YES;
				CLANG_WARN_UNGUARDED_AVAILABILITY = YES_AGGRESSIVE;
				CLANG_WARN_UNREACHABLE_CODE = YES;
				CLANG_WARN__DUPLICATE_METHOD_MATCH = YES;
				COPY_PHASE_STRIP = NO;
				DEBUG_INFORMATION_FORMAT = dwarf;
				ENABLE_STRICT_OBJC_MSGSEND = YES;
				ENABLE_TESTABILITY = YES;
				GCC_C_LANGUAGE_STANDARD = gnu11;
				GCC_DYNAMIC_NO_PIC = NO;
				GCC_NO_COMMON_BLOCKS = YES;
				GCC_OPTIMIZATION_LEVEL = 0;
				GCC_PREPROCESSOR_DEFINITIONS = (
					"DEBUG=1",
					"$(inherited)",
				);
				GCC_WARN_64_TO_32_BIT_CONVERSION = YES;
				GCC_WARN_ABOUT_RETURN_TYPE = YES_ERROR;
				GCC_WARN_UNDECLARED_SELECTOR = YES;
				GCC_WARN_UNINITIALIZED_AUTOS = YES_AGGRESSIVE;
				GCC_WARN_UNUSED_FUNCTION = YES;
				GCC_WARN_UNUSED_VARIABLE = YES;
				IPHONEOS_DEPLOYMENT_TARGET = 17.5;
				MTL_ENABLE_DEBUG_INFO = INCLUDE_SOURCE;
				MTL_FAST_MATH = YES;
				ONLY_ACTIVE_ARCH = YES;
				SDKROOT = iphoneos;
				SWIFT_ACTIVE_COMPILATION_CONDITIONS = DEBUG;
				SWIFT_OPTIMIZATION_LEVEL = "-Onone";
			};
			name = Debug;
		};
		645B145D25AD271F00AE0569 /* Release */ = {
			isa = XCBuildConfiguration;
			buildSettings = {
				ALWAYS_SEARCH_USER_PATHS = NO;
				CLANG_ANALYZER_NONNULL = YES;
				CLANG_ANALYZER_NUMBER_OBJECT_CONVERSION = YES_AGGRESSIVE;
				CLANG_CXX_LANGUAGE_STANDARD = "gnu++14";
				CLANG_CXX_LIBRARY = "libc++";
				CLANG_ENABLE_MODULES = YES;
				CLANG_ENABLE_OBJC_ARC = YES;
				CLANG_ENABLE_OBJC_WEAK = YES;
				CLANG_WARN_BLOCK_CAPTURE_AUTORELEASING = YES;
				CLANG_WARN_BOOL_CONVERSION = YES;
				CLANG_WARN_COMMA = YES;
				CLANG_WARN_CONSTANT_CONVERSION = YES;
				CLANG_WARN_DEPRECATED_OBJC_IMPLEMENTATIONS = YES;
				CLANG_WARN_DIRECT_OBJC_ISA_USAGE = YES_ERROR;
				CLANG_WARN_DOCUMENTATION_COMMENTS = YES;
				CLANG_WARN_EMPTY_BODY = YES;
				CLANG_WARN_ENUM_CONVERSION = YES;
				CLANG_WARN_INFINITE_RECURSION = YES;
				CLANG_WARN_INT_CONVERSION = YES;
				CLANG_WARN_NON_LITERAL_NULL_CONVERSION = YES;
				CLANG_WARN_OBJC_IMPLICIT_RETAIN_SELF = YES;
				CLANG_WARN_OBJC_LITERAL_CONVERSION = YES;
				CLANG_WARN_OBJC_ROOT_CLASS = YES_ERROR;
				CLANG_WARN_QUOTED_INCLUDE_IN_FRAMEWORK_HEADER = YES;
				CLANG_WARN_RANGE_LOOP_ANALYSIS = YES;
				CLANG_WARN_STRICT_PROTOTYPES = YES;
				CLANG_WARN_SUSPICIOUS_MOVE = YES;
				CLANG_WARN_UNGUARDED_AVAILABILITY = YES_AGGRESSIVE;
				CLANG_WARN_UNREACHABLE_CODE = YES;
				CLANG_WARN__DUPLICATE_METHOD_MATCH = YES;
				COPY_PHASE_STRIP = NO;
				DEBUG_INFORMATION_FORMAT = "dwarf-with-dsym";
				ENABLE_NS_ASSERTIONS = NO;
				ENABLE_STRICT_OBJC_MSGSEND = YES;
				GCC_C_LANGUAGE_STANDARD = gnu11;
				GCC_NO_COMMON_BLOCKS = YES;
				GCC_WARN_64_TO_32_BIT_CONVERSION = YES;
				GCC_WARN_ABOUT_RETURN_TYPE = YES_ERROR;
				GCC_WARN_UNDECLARED_SELECTOR = YES;
				GCC_WARN_UNINITIALIZED_AUTOS = YES_AGGRESSIVE;
				GCC_WARN_UNUSED_FUNCTION = YES;
				GCC_WARN_UNUSED_VARIABLE = YES;
				IPHONEOS_DEPLOYMENT_TARGET = 17.5;
				MTL_ENABLE_DEBUG_INFO = NO;
				MTL_FAST_MATH = YES;
				SDKROOT = iphoneos;
				SWIFT_COMPILATION_MODE = wholemodule;
				SWIFT_OPTIMIZATION_LEVEL = "-O";
				VALIDATE_PRODUCT = YES;
			};
			name = Release;
		};
		645B145F25AD271F00AE0569 /* Debug */ = {
			isa = XCBuildConfiguration;
			baseConfigurationReference = 16D95CAD8098F9B0256AD334 /* Pods-ExelbidSample.debug.xcconfig */;
			buildSettings = {
				ASSETCATALOG_COMPILER_APPICON_NAME = AppIcon;
				ASSETCATALOG_COMPILER_GLOBAL_ACCENT_COLOR_NAME = AccentColor;
				CODE_SIGN_STYLE = Automatic;
				CURRENT_PROJECT_VERSION = 6;
				DEBUG_INFORMATION_FORMAT = "dwarf-with-dsym";
				DEVELOPMENT_TEAM = N8654MDDQ5;
				INFOPLIST_FILE = ExelbidSample/Info.plist;
				IPHONEOS_DEPLOYMENT_TARGET = 13.0;
				LD_RUNPATH_SEARCH_PATHS = (
					"$(inherited)",
					"@executable_path/Frameworks",
				);
				MARKETING_VERSION = 1.0.0;
				PRODUCT_BUNDLE_IDENTIFIER = com.motivi.exelbid.v2.sample;
				PRODUCT_NAME = "$(TARGET_NAME)";
				SUPPORTED_PLATFORMS = "iphoneos iphonesimulator";
				SUPPORTS_MACCATALYST = NO;
				SUPPORTS_MAC_DESIGNED_FOR_IPHONE_IPAD = NO;
				SUPPORTS_XR_DESIGNED_FOR_IPHONE_IPAD = NO;
				SWIFT_VERSION = 5.0;
				TARGETED_DEVICE_FAMILY = 1;
			};
			name = Debug;
		};
		645B146025AD271F00AE0569 /* Release */ = {
			isa = XCBuildConfiguration;
			baseConfigurationReference = 4E77CEECC33883EF515EA7DD /* Pods-ExelbidSample.release.xcconfig */;
			buildSettings = {
				ASSETCATALOG_COMPILER_APPICON_NAME = AppIcon;
				ASSETCATALOG_COMPILER_GLOBAL_ACCENT_COLOR_NAME = AccentColor;
				CODE_SIGN_STYLE = Automatic;
				CURRENT_PROJECT_VERSION = 6;
				DEVELOPMENT_TEAM = N8654MDDQ5;
				INFOPLIST_FILE = ExelbidSample/Info.plist;
				IPHONEOS_DEPLOYMENT_TARGET = 13.0;
				LD_RUNPATH_SEARCH_PATHS = (
					"$(inherited)",
					"@executable_path/Frameworks",
				);
				MARKETING_VERSION = 1.0.0;
				PRODUCT_BUNDLE_IDENTIFIER = com.motivi.exelbid.v2.sample;
				PRODUCT_NAME = "$(TARGET_NAME)";
				SUPPORTED_PLATFORMS = "iphoneos iphonesimulator";
				SUPPORTS_MACCATALYST = NO;
				SUPPORTS_MAC_DESIGNED_FOR_IPHONE_IPAD = NO;
				SUPPORTS_XR_DESIGNED_FOR_IPHONE_IPAD = NO;
				SWIFT_VERSION = 5.0;
				TARGETED_DEVICE_FAMILY = 1;
			};
			name = Release;
		};
/* End XCBuildConfiguration section */

/* Begin XCConfigurationList section */
		645B144525AD271D00AE0569 /* Build configuration list for PBXProject "ExelbidSample" */ = {
			isa = XCConfigurationList;
			buildConfigurations = (
				645B145C25AD271F00AE0569 /* Debug */,
				645B145D25AD271F00AE0569 /* Release */,
			);
			defaultConfigurationIsVisible = 0;
			defaultConfigurationName = Release;
		};
		645B145E25AD271F00AE0569 /* Build configuration list for PBXNativeTarget "ExelbidSample" */ = {
			isa = XCConfigurationList;
			buildConfigurations = (
				645B145F25AD271F00AE0569 /* Debug */,
				645B146025AD271F00AE0569 /* Release */,
			);
			defaultConfigurationIsVisible = 0;
			defaultConfigurationName = Release;
		};
/* End XCConfigurationList section */

/* Begin XCRemoteSwiftPackageReference section */
		1D51C8942E0BB97A00419D53 /* XCRemoteSwiftPackageReference "ExelBid_iOS_Swift" */ = {
			isa = XCRemoteSwiftPackageReference;
			repositoryURL = "https://github.com/onnuridmc/ExelBid_iOS_Swift.git";
			requirement = {
				kind = upToNextMajorVersion;
				minimumVersion = 2.2.0;
			};
		};
		1D53EB3E2CD218E200E980DC /* XCRemoteSwiftPackageReference "DeviceKit" */ = {
			isa = XCRemoteSwiftPackageReference;
			repositoryURL = "https://github.com/devicekit/DeviceKit.git";
			requirement = {
				kind = upToNextMajorVersion;
				minimumVersion = 5.5.0;
			};
		};
		1D7FDECF2DE69F2C0054F9AC /* XCRemoteSwiftPackageReference "swift-package-manager-google-mobile-ads" */ = {
			isa = XCRemoteSwiftPackageReference;
			repositoryURL = "https://github.com/googleads/swift-package-manager-google-mobile-ads";
			requirement = {
				kind = upToNextMajorVersion;
				minimumVersion = 12.5.0;
			};
		};
		1DE246342CDC86510081ACC1 /* XCRemoteSwiftPackageReference "adfit-spm" */ = {
			isa = XCRemoteSwiftPackageReference;
			repositoryURL = "https://github.com/adfit/adfit-spm.git";
			requirement = {
				kind = upToNextMajorVersion;
				minimumVersion = 3.15.4;
			};
		};
/* End XCRemoteSwiftPackageReference section */

/* Begin XCSwiftPackageProductDependency section */
		1D51C8952E0BB97B00419D53 /* ExelbidSDK */ = {
			isa = XCSwiftPackageProductDependency;
			package = 1D51C8942E0BB97A00419D53 /* XCRemoteSwiftPackageReference "ExelBid_iOS_Swift" */;
			productName = ExelbidSDK;
		};
		1D53EB3F2CD218E200E980DC /* DeviceKit */ = {
			isa = XCSwiftPackageProductDependency;
			package = 1D53EB3E2CD218E200E980DC /* XCRemoteSwiftPackageReference "DeviceKit" */;
			productName = DeviceKit;
		};
		1D7FDED02DE69F2C0054F9AC /* GoogleMobileAds */ = {
			isa = XCSwiftPackageProductDependency;
			package = 1D7FDECF2DE69F2C0054F9AC /* XCRemoteSwiftPackageReference "swift-package-manager-google-mobile-ads" */;
			productName = GoogleMobileAds;
		};
		1DE246352CDC86510081ACC1 /* AdFitSDK */ = {
			isa = XCSwiftPackageProductDependency;
			package = 1DE246342CDC86510081ACC1 /* XCRemoteSwiftPackageReference "adfit-spm" */;
			productName = AdFitSDK;
		};
/* End XCSwiftPackageProductDependency section */
	};
	rootObject = 645B144225AD271D00AE0569 /* Project object */;
}
