{
  "originHash" : "7e01a68a310bf9bd5b391f3c390809d8bc012e988e5fe6393ba3caca7b1446b1",
  "pins" : [
    {
      "identity" : "exelbid_ios_mediation_adapter",
      "kind" : "remoteSourceControl",
      "location" : "https://github.com/onnuridmc/ExelBid_iOS_Mediation_Adapter",
      "state" : {
        "revision" : "3e49ad84d2f7832654fa40762262599d29a20b09",
        "version" : "1.1.0"
      }
    },
    {
      "identity" : "exelbid_ios_swift",
      "kind" : "remoteSourceControl",
      "location" : "https://github.com/onnuridmc/ExelBid_iOS_Swift",
      "state" : {
        "revision" : "f85d742ce9a72503808d7cbe0553b6c4060e7dc9",
        "version" : "3.0.0"
      }
    },
    {
      "identity" : "swift-package-manager-google-mobile-ads",
      "kind" : "remoteSourceControl",
      "location" : "https://github.com/googleads/swift-package-manager-google-mobile-ads.git",
      "state" : {
        "revision" : "1239c23464503053c17d37ee5daa70de3455e9c8",
        "version" : "12.14.0"
      }
    },
    {
      "identity" : "swift-package-manager-google-user-messaging-platform",
      "kind" : "remoteSourceControl",
      "location" : "https://github.com/googleads/swift-package-manager-google-user-messaging-platform.git",
      "state" : {
        "revision" : "13b248eaa73b7826f0efb1bcf455e251d65ecb1b",
        "version" : "3.1.0"
      }
    }
  ],
  "version" : 3
}
