{
  "originHash" : "3c7531d1c88c30ca92e147c9b93940d9e4b2c45df8800f654fb1d8f92092eee0",
  "pins" : [
    {
      "identity" : "adfit-spm",
      "kind" : "remoteSourceControl",
      "location" : "https://github.com/adfit/adfit-spm",
      "state" : {
        "revision" : "f29d3d1abb7be92e424f98806da495e3d6aa9707",
        "version" : "3.21.24"
      }
    },
    {
      "identity" : "exelbid_ios_mediation_adapter",
      "kind" : "remoteSourceControl",
      "location" : "https://github.com/onnuridmc/ExelBid_iOS_Mediation_Adapter",
      "state" : {
        "revision" : "4ac39625d2938b2fb73aa33c02a674bbb2d4fd54",
        "version" : "1.1.4"
      }
    },
    {
      "identity" : "exelbid_ios_swift",
      "kind" : "remoteSourceControl",
      "location" : "https://github.com/onnuridmc/ExelBid_iOS_Swift",
      "state" : {
        "revision" : "9c46e5effe00bccae8e47d84093b72b56cd9d0a9",
        "version" : "3.0.3"
      }
    },
    {
      "identity" : "swift-package-manager-google-mobile-ads",
      "kind" : "remoteSourceControl",
      "location" : "https://github.com/googleads/swift-package-manager-google-mobile-ads.git",
      "state" : {
        "revision" : "1239c23464503053c17d37ee5daa70de3455e9c8",
        "version" : "12.14.0"
      }
    },
    {
      "identity" : "swift-package-manager-google-user-messaging-platform",
      "kind" : "remoteSourceControl",
      "location" : "https://github.com/googleads/swift-package-manager-google-user-messaging-platform.git",
      "state" : {
        "revision" : "13b248eaa73b7826f0efb1bcf455e251d65ecb1b",
        "version" : "3.1.0"
      }
    }
  ],
  "version" : 3
}
