PODS:
  - Ads-Global (7.5.0.7):
    - Ads-Global/BUAdSDK (= 7.5.0.7)
  - Ads-Global/BUAdSDK (7.5.0.7)
  - AppLovinSDK (13.3.1)
  - ExelBid_iOS_Swift (2.2.8)
  - FBAudienceNetwork (6.20.1)
  - Fyber_Marketplace_SDK (8.3.8)

DEPENDENCIES:
  - Ads-Global
  - AppLovinSDK
  - ExelBid_iOS_Swift
  - FBAudienceNetwork
  - Fyber_Marketplace_SDK

SPEC REPOS:
  trunk:
    - Ads-Global
    - AppLovinSDK
    - ExelBid_iOS_Swift
    - FBAudienceNetwork
    - Fyber_Marketplace_SDK

SPEC CHECKSUMS:
  Ads-Global: 6a19261e86a6de32451d3caea61514cf615c97b7
  AppLovinSDK: 5075837afdee4fb429121799b8cbcc5918ef3a23
  ExelBid_iOS_Swift: 5d3c0f2547212e6030d0b8b53ad72563a03a3ac2
  FBAudienceNetwork: 08e86d63a05b3a5a59414af12e4af8d756943c80
  Fyber_Marketplace_SDK: 078ce5d06cee765bc822ace5c231af7a17e8dcd1

PODFILE CHECKSUM: 297fcc343348c1f393b8d7607f2bfaad8b1eeeca

COCOAPODS: 1.16.2
