PODS:
  - Ads-Global (6.5.0.8):
    - Ads-Global/BUAdSDK (= 6.5.0.8)
  - Ads-Global/BUAdSDK (6.5.0.8)
  - AppLovinSDK (13.1.0)
  - FBAudienceNetwork (6.17.0)
  - Fyber_Marketplace_SDK (8.3.5)

DEPENDENCIES:
  - Ads-Global
  - AppLovinSDK
  - FBAudienceNetwork
  - Fyber_Marketplace_SDK

SPEC REPOS:
  trunk:
    - Ads-Global
    - AppLovinSDK
    - FBAudienceNetwork
    - Fyber_Marketplace_SDK

SPEC CHECKSUMS:
  Ads-Global: a5f72fa6a7de699d8190c22fbcb3cd39a42440f0
  AppLovinSDK: 539a0178d8bef4d68b2551a93526e0c1bba06cb2
  FBAudienceNetwork: 0f84c13e480f480a1290ca998f82533a3f476c14
  Fyber_Marketplace_SDK: 8b042ecd850accf338a052ca23a4e105f71154ec

PODFILE CHECKSUM: 062d93d27f59f2e2ae4a388bf6238886ab34201f

COCOAPODS: 1.16.2
