PODS:
  - Ads-Global (7.2.0.5):
    - Ads-Global/BUAdSDK (= 7.2.0.5)
  - Ads-Global/BUAdSDK (7.2.0.5)
  - AppLovinSDK (13.3.1)
  - FBAudienceNetwork (6.20.0)
  - Fyber_Marketplace_SDK (8.3.7)

DEPENDENCIES:
  - Ads-Global
  - AppLovinSDK
  - FBAudienceNetwork
  - Fyber_Marketplace_SDK

SPEC REPOS:
  trunk:
    - Ads-Global
    - AppLovinSDK
    - FBAudienceNetwork
    - Fyber_Marketplace_SDK

SPEC CHECKSUMS:
  Ads-Global: b76f43304561c8d77e5e3cee39e1a501e9717104
  AppLovinSDK: 5075837afdee4fb429121799b8cbcc5918ef3a23
  FBAudienceNetwork: 51d3681e66c00ee36811c0d96e9fa39d5673eba8
  Fyber_Marketplace_SDK: 99ff1d44bf0c9b4e0aa3e2f2bd8c7956fc5c5675

PODFILE CHECKSUM: 515dc51eb40eddd4849962aad29701901257b5ec

COCOAPODS: 1.16.2
