{
  "originHash" : "d4cb0f1e9dcddb8107015065638954afe6abd6fa314c6a15d45bfc74ea3899f5",
  "pins" : [
    {
      "identity" : "adfit-spm",
      "kind" : "remoteSourceControl",
      "location" : "https://github.com/adfit/adfit-spm.git",
      "state" : {
        "revision" : "64a60ed38c5be88e15f32bc4c7975cc2df894107",
        "version" : "3.19.9"
      }
    },
    {
      "identity" : "devicekit",
      "kind" : "remoteSourceControl",
      "location" : "https://github.com/devicekit/DeviceKit.git",
      "state" : {
        "revision" : "513b9d7e7a1bd46504a1009bbab943b75ce2f195",
        "version" : "5.6.0"
      }
    },
    {
      "identity" : "swift-package-manager-google-mobile-ads",
      "kind" : "remoteSourceControl",
      "location" : "https://github.com/googleads/swift-package-manager-google-mobile-ads",
      "state" : {
        "revision" : "2c121260b1cc690134bdac36cefd330f48cda3f5",
        "version" : "12.9.0"
      }
    },
    {
      "identity" : "swift-package-manager-google-user-messaging-platform",
      "kind" : "remoteSourceControl",
      "location" : "https://github.com/googleads/swift-package-manager-google-user-messaging-platform.git",
      "state" : {
        "revision" : "69b53394c5258b3fe688e625a998047d1f393497",
        "version" : "3.0.0"
      }
    }
  ],
  "version" : 3
}
