{
  "originHash" : "b55045022f98fa8099a3c46de8fc2b1464d9e0bb769aa07c8d686fe0b93258e3",
  "pins" : [
    {
      "identity" : "adfit-spm",
      "kind" : "remoteSourceControl",
      "location" : "https://github.com/adfit/adfit-spm.git",
      "state" : {
        "revision" : "64a60ed38c5be88e15f32bc4c7975cc2df894107",
        "version" : "3.19.9"
      }
    },
    {
      "identity" : "devicekit",
      "kind" : "remoteSourceControl",
      "location" : "https://github.com/devicekit/DeviceKit.git",
      "state" : {
        "revision" : "513b9d7e7a1bd46504a1009bbab943b75ce2f195",
        "version" : "5.6.0"
      }
    },
    {
      "identity" : "exelbid_ios_swift",
      "kind" : "remoteSourceControl",
      "location" : "https://github.com/onnuridmc/ExelBid_iOS_Swift",
      "state" : {
        "revision" : "22585a8ad157bb7a11f7a5114bc2736cedbc6e65",
        "version" : "2.2.7"
      }
    },
    {
      "identity" : "swift-package-manager-google-mobile-ads",
      "kind" : "remoteSourceControl",
      "location" : "https://github.com/googleads/swift-package-manager-google-mobile-ads",
      "state" : {
        "revision" : "946770157e526c0fa8807ed516c3d9f81106e30a",
        "version" : "12.6.0"
      }
    },
    {
      "identity" : "swift-package-manager-google-user-messaging-platform",
      "kind" : "remoteSourceControl",
      "location" : "https://github.com/googleads/swift-package-manager-google-user-messaging-platform.git",
      "state" : {
        "revision" : "69b53394c5258b3fe688e625a998047d1f393497",
        "version" : "3.0.0"
      }
    }
  ],
  "version" : 3
}
